
Microsoft Visual Studio Solution File, Format Version 12.00
# Visual Studio Version 17
VisualStudioVersion = 17.3.32929.385
MinimumVisualStudioVersion = 10.0.40219.1
Project("{FAE04EC0-301F-11D3-BF4B-00C04F79EFBC}") = "NLogProjecct", "NLogProjecct.csproj", "{B72DE1A8-B393-4BBA-B9D0-CAB73A2ECCA2}"
EndProject
Global
	GlobalSection(SolutionConfigurationPlatforms) = preSolution
		Debug|Any CPU = Debug|Any CPU
		Release|Any CPU = Release|Any CPU
	EndGlobalSection
	GlobalSection(ProjectConfigurationPlatforms) = postSolution
		{B72DE1A8-B393-4BBA-B9D0-CAB73A2ECCA2}.Debug|Any CPU.ActiveCfg = Debug|Any CPU
		{B72DE1A8-B393-4BBA-B9D0-CAB73A2ECCA2}.Debug|Any CPU.Build.0 = Debug|Any CPU
		{B72DE1A8-B393-4BBA-B9D0-CAB73A2ECCA2}.Release|Any CPU.ActiveCfg = Release|Any CPU
		{B72DE1A8-B393-4BBA-B9D0-CAB73A2ECCA2}.Release|Any CPU.Build.0 = Release|Any CPU
	EndGlobalSection
	GlobalSection(SolutionProperties) = preSolution
		HideSolutionNode = FALSE
	EndGlobalSection
	GlobalSection(ExtensibilityGlobals) = postSolution
		SolutionGuid = {7690652A-777F-495D-BBDE-F55C6554334B}
	EndGlobalSection
EndGlobal
